{
  "name": "ddn-sandbox",
  "version": "1.0.0",
  "lockfileVersion": 1,
  "requires": true,
  "dependencies": {
    "vm2": {
      "version": "3.8.2",
      "resolved": "https://registry.npmjs.org/vm2/-/vm2-3.8.2.tgz",
      "integrity": "sha512-FE9slf0o4YoD2Jf7VEjytHTac2SMt2J4ahf9Tw9YLLVqJm0DQiMpmN+I0+RsnOZ0kb7PyeR1rLxathXZWJ23kg=="
    }
  }
}
